// !$*UTF8*$!
{
	archiveVersion = 1;
	classes = {
	};
	objectVersion = 55;
	objects = {

/* Begin PBXBuildFile section */
		91F88A2729D1202100AF2CFA /* AppDelegate.swift in Sources */ = {isa = PBXBuildFile; fileRef = 91F88A2629D1202100AF2CFA /* AppDelegate.swift */; };
		91F88A2929D1202100AF2CFA /* SceneDelegate.swift in Sources */ = {isa = PBXBuildFile; fileRef = 91F88A2829D1202100AF2CFA /* SceneDelegate.swift */; };
		91F88A2B29D1202100AF2CFA /* ViewController.swift in Sources */ = {isa = PBXBuildFile; fileRef = 91F88A2A29D1202100AF2CFA /* ViewController.swift */; };
		91F88A2E29D1202100AF2CFA /* Main.storyboard in Resources */ = {isa = PBXBuildFile; fileRef = 91F88A2C29D1202100AF2CFA /* Main.storyboard */; };
		91F88A3029D1202300AF2CFA /* Assets.xcassets in Resources */ = {isa = PBXBuildFile; fileRef = 91F88A2F29D1202300AF2CFA /* Assets.xcassets */; };
		91F88A3329D1202300AF2CFA /* LaunchScreen.storyboard in Resources */ = {isa = PBXBuildFile; fileRef = 91F88A3129D1202300AF2CFA /* LaunchScreen.storyboard */; };
		91F88A3B29D120CE00AF2CFA /* SqueezeNet.mlmodel in Sources */ = {isa = PBXBuildFile; fileRef = 91F88A3A29D120CE00AF2CFA /* SqueezeNet.mlmodel */; };
		91F88A3D29D120F600AF2CFA /* car.jpeg in Resources */ = {isa = PBXBuildFile; fileRef = 91F88A3C29D120F600AF2CFA /* car.jpeg */; };
		91F88A3F29D1216900AF2CFA /* MobileNetV2.mlmodel in Sources */ = {isa = PBXBuildFile; fileRef = 91F88A3E29D1216900AF2CFA /* MobileNetV2.mlmodel */; };
/* End PBXBuildFile section */

/* Begin PBXFileReference section */
		91F88A2329D1202100AF2CFA /* ImageRecognition.app */ = {isa = PBXFileReference; explicitFileType = wrapper.application; includeInIndex = 0; path = ImageRecognition.app; sourceTree = BUILT_PRODUCTS_DIR; };
		91F88A2629D1202100AF2CFA /* AppDelegate.swift */ = {isa = PBXFileReference; lastKnownFileType = sourcecode.swift; path = AppDelegate.swift; sourceTree = "<group>"; };
		91F88A2829D1202100AF2CFA /* SceneDelegate.swift */ = {isa = PBXFileReference; lastKnownFileType = sourcecode.swift; path = SceneDelegate.swift; sourceTree = "<group>"; };
		91F88A2A29D1202100AF2CFA /* ViewController.swift */ = {isa = PBXFileReference; lastKnownFileType = sourcecode.swift; path = ViewController.swift; sourceTree = "<group>"; };
		91F88A2D29D1202100AF2CFA /* Base */ = {isa = PBXFileReference; lastKnownFileType = file.storyboard; name = Base; path = Base.lproj/Main.storyboard; sourceTree = "<group>"; };
		91F88A2F29D1202300AF2CFA /* Assets.xcassets */ = {isa = PBXFileReference; lastKnownFileType = folder.assetcatalog; path = Assets.xcassets; sourceTree = "<group>"; };
		91F88A3229D1202300AF2CFA /* Base */ = {isa = PBXFileReference; lastKnownFileType = file.storyboard; name = Base; path = Base.lproj/LaunchScreen.storyboard; sourceTree = "<group>"; };
		91F88A3429D1202300AF2CFA /* Info.plist */ = {isa = PBXFileReference; lastKnownFileType = text.plist.xml; path = Info.plist; sourceTree = "<group>"; };
		91F88A3A29D120CE00AF2CFA /* SqueezeNet.mlmodel */ = {isa = PBXFileReference; lastKnownFileType = file.mlmodel; path = SqueezeNet.mlmodel; sourceTree = "<group>"; };
		91F88A3C29D120F600AF2CFA /* car.jpeg */ = {isa = PBXFileReference; lastKnownFileType = image.jpeg; path = car.jpeg; sourceTree = "<group>"; };
		91F88A3E29D1216900AF2CFA /* MobileNetV2.mlmodel */ = {isa = PBXFileReference; lastKnownFileType = file.mlmodel; path = MobileNetV2.mlmodel; sourceTree = "<group>"; };
/* End PBXFileReference section */

/* Begin PBXFrameworksBuildPhase section */
		91F88A2029D1202100AF2CFA /* Frameworks */ = {
			isa = PBXFrameworksBuildPhase;
			buildActionMask = 2147483647;
			files = (
			);
			runOnlyForDeploymentPostprocessing = 0;
		};
/* End PBXFrameworksBuildPhase section */

/* Begin PBXGroup section */
		91F88A1A29D1202100AF2CFA = {
			isa = PBXGroup;
			children = (
				91F88A2529D1202100AF2CFA /* ImageRecognition */,
				91F88A2429D1202100AF2CFA /* Products */,
			);
			sourceTree = "<group>";
		};
		91F88A2429D1202100AF2CFA /* Products */ = {
			isa = PBXGroup;
			children = (
				91F88A2329D1202100AF2CFA /* ImageRecognition.app */,
			);
			name = Products;
			sourceTree = "<group>";
		};
		91F88A2529D1202100AF2CFA /* ImageRecognition */ = {
			isa = PBXGroup;
			children = (
				91F88A2629D1202100AF2CFA /* AppDelegate.swift */,
				91F88A2829D1202100AF2CFA /* SceneDelegate.swift */,
				91F88A2A29D1202100AF2CFA /* ViewController.swift */,
				91F88A3E29D1216900AF2CFA /* MobileNetV2.mlmodel */,
				91F88A3A29D120CE00AF2CFA /* SqueezeNet.mlmodel */,
				91F88A3C29D120F600AF2CFA /* car.jpeg */,
				91F88A2C29D1202100AF2CFA /* Main.storyboard */,
				91F88A2F29D1202300AF2CFA /* Assets.xcassets */,
				91F88A3129D1202300AF2CFA /* LaunchScreen.storyboard */,
				91F88A3429D1202300AF2CFA /* Info.plist */,
			);
			path = ImageRecognition;
			sourceTree = "<group>";
		};
/* End PBXGroup section */

/* Begin PBXNativeTarget section */
		91F88A2229D1202100AF2CFA /* ImageRecognition */ = {
			isa = PBXNativeTarget;
			buildConfigurationList = 91F88A3729D1202300AF2CFA /* Build configuration list for PBXNativeTarget "ImageRecognition" */;
			buildPhases = (
				91F88A1F29D1202100AF2CFA /* Sources */,
				91F88A2029D1202100AF2CFA /* Frameworks */,
				91F88A2129D1202100AF2CFA /* Resources */,
			);
			buildRules = (
			);
			dependencies = (
			);
			name = ImageRecognition;
			productName = ImageRecognition;
			productReference = 91F88A2329D1202100AF2CFA /* ImageRecognition.app */;
			productType = "com.apple.product-type.application";
		};
/* End PBXNativeTarget section */

/* Begin PBXProject section */
		91F88A1B29D1202100AF2CFA /* Project object */ = {
			isa = PBXProject;
			attributes = {
				BuildIndependentTargetsInParallel = 1;
				LastSwiftUpdateCheck = 1340;
				LastUpgradeCheck = 1340;
				TargetAttributes = {
					91F88A2229D1202100AF2CFA = {
						CreatedOnToolsVersion = 13.4.1;
					};
				};
			};
			buildConfigurationList = 91F88A1E29D1202100AF2CFA /* Build configuration list for PBXProject "ImageRecognition" */;
			compatibilityVersion = "Xcode 13.0";
			developmentRegion = en;
			hasScannedForEncodings = 0;
			knownRegions = (
				en,
				Base,
			);
			mainGroup = 91F88A1A29D1202100AF2CFA;
			productRefGroup = 91F88A2429D1202100AF2CFA /* Products */;
			projectDirPath = "";
			projectRoot = "";
			targets = (
				91F88A2229D1202100AF2CFA /* ImageRecognition */,
			);
		};
/* End PBXProject section */

/* Begin PBXResourcesBuildPhase section */
		91F88A2129D1202100AF2CFA /* Resources */ = {
			isa = PBXResourcesBuildPhase;
			buildActionMask = 2147483647;
			files = (
				91F88A3329D1202300AF2CFA /* LaunchScreen.storyboard in Resources */,
				91F88A3029D1202300AF2CFA /* Assets.xcassets in Resources */,
				91F88A3D29D120F600AF2CFA /* car.jpeg in Resources */,
				91F88A2E29D1202100AF2CFA /* Main.storyboard in Resources */,
			);
			runOnlyForDeploymentPostprocessing = 0;
		};
/* End PBXResourcesBuildPhase section */

/* Begin PBXSourcesBuildPhase section */
		91F88A1F29D1202100AF2CFA /* Sources */ = {
			isa = PBXSourcesBuildPhase;
			buildActionMask = 2147483647;
			files = (
				91F88A2B29D1202100AF2CFA /* ViewController.swift in Sources */,
				91F88A2729D1202100AF2CFA /* AppDelegate.swift in Sources */,
				91F88A2929D1202100AF2CFA /* SceneDelegate.swift in Sources */,
				91F88A3F29D1216900AF2CFA /* MobileNetV2.mlmodel in Sources */,
				91F88A3B29D120CE00AF2CFA /* SqueezeNet.mlmodel in Sources */,
			);
			runOnlyForDeploymentPostprocessing = 0;
		};
/* End PBXSourcesBuildPhase section */

/* Begin PBXVariantGroup section */
		91F88A2C29D1202100AF2CFA /* Main.storyboard */ = {
			isa = PBXVariantGroup;
			children = (
				91F88A2D29D1202100AF2CFA /* Base */,
			);
			name = Main.storyboard;
			sourceTree = "<group>";
		};
		91F88A3129D1202300AF2CFA /* LaunchScreen.storyboard */ = {
			isa = PBXVariantGroup;
			children = (
				91F88A3229D1202300AF2CFA /* Base */,
			);
			name = LaunchScreen.storyboard;
			sourceTree = "<group>";
		};
/* End PBXVariantGroup section */

/* Begin XCBuildConfiguration section */
		91F88A3529D1202300AF2CFA /* Debug */ = {
			isa = XCBuildConfiguration;
			buildSettings = {
				ALWAYS_SEARCH_USER_PATHS = NO;
				CLANG_ANALYZER_NONNULL = YES;
				CLANG_ANALYZER_NUMBER_OBJECT_CONVERSION = YES_AGGRESSIVE;
				CLANG_CXX_LANGUAGE_STANDARD = "gnu++17";
				CLANG_ENABLE_MODULES = YES;
				CLANG_ENABLE_OBJC_ARC = YES;
				CLANG_ENABLE_OBJC_WEAK = YES;
				CLANG_WARN_BLOCK_CAPTURE_AUTORELEASING = YES;
				CLANG_WARN_BOOL_CONVERSION = YES;
				CLANG_WARN_COMMA = YES;
				CLANG_WARN_CONSTANT_CONVERSION = YES;
				CLANG_WARN_DEPRECATED_OBJC_IMPLEMENTATIONS = YES;
				CLANG_WARN_DIRECT_OBJC_ISA_USAGE = YES_ERROR;
				CLANG_WARN_DOCUMENTATION_COMMENTS = YES;
				CLANG_WARN_EMPTY_BODY = YES;
				CLANG_WARN_ENUM_CONVERSION = YES;
				CLANG_WARN_INFINITE_RECURSION = YES;
				CLANG_WARN_INT_CONVERSION = YES;
				CLANG_WARN_NON_LITERAL_NULL_CONVERSION = YES;
				CLANG_WARN_OBJC_IMPLICIT_RETAIN_SELF = YES;
				CLANG_WARN_OBJC_LITERAL_CONVERSION = YES;
				CLANG_WARN_OBJC_ROOT_CLASS = YES_ERROR;
				CLANG_WARN_QUOTED_INCLUDE_IN_FRAMEWORK_HEADER = YES;
				CLANG_WARN_RANGE_LOOP_ANALYSIS = YES;
				CLANG_WARN_STRICT_PROTOTYPES = YES;
				CLANG_WARN_SUSPICIOUS_MOVE = YES;
				CLANG_WARN_UNGUARDED_AVAILABILITY = YES_AGGRESSIVE;
				CLANG_WARN_UNREACHABLE_CODE = YES;
				CLANG_WARN__DUPLICATE_METHOD_MATCH = YES;
				COPY_PHASE_STRIP = NO;
				DEBUG_INFORMATION_FORMAT = dwarf;
				ENABLE_STRICT_OBJC_MSGSEND = YES;
				ENABLE_TESTABILITY = YES;
				GCC_C_LANGUAGE_STANDARD = gnu11;
				GCC_DYNAMIC_NO_PIC = NO;
				GCC_NO_COMMON_BLOCKS = YES;
				GCC_OPTIMIZATION_LEVEL = 0;
				GCC_PREPROCESSOR_DEFINITIONS = (
					"DEBUG=1",
					"$(inherited)",
				);
				GCC_WARN_64_TO_32_BIT_CONVERSION = YES;
				GCC_WARN_ABOUT_RETURN_TYPE = YES_ERROR;
				GCC_WARN_UNDECLARED_SELECTOR = YES;
				GCC_WARN_UNINITIALIZED_AUTOS = YES_AGGRESSIVE;
				GCC_WARN_UNUSED_FUNCTION = YES;
				GCC_WARN_UNUSED_VARIABLE = YES;
				IPHONEOS_DEPLOYMENT_TARGET = 15.5;
				MTL_ENABLE_DEBUG_INFO = INCLUDE_SOURCE;
				MTL_FAST_MATH = YES;
				ONLY_ACTIVE_ARCH = YES;
				SDKROOT = iphoneos;
				SWIFT_ACTIVE_COMPILATION_CONDITIONS = DEBUG;
				SWIFT_OPTIMIZATION_LEVEL = "-Onone";
			};
			name = Debug;
		};
		91F88A3629D1202300AF2CFA /* Release */ = {
			isa = XCBuildConfiguration;
			buildSettings = {
				ALWAYS_SEARCH_USER_PATHS = NO;
				CLANG_ANALYZER_NONNULL = YES;
				CLANG_ANALYZER_NUMBER_OBJECT_CONVERSION = YES_AGGRESSIVE;
				CLANG_CXX_LANGUAGE_STANDARD = "gnu++17";
				CLANG_ENABLE_MODULES = YES;
				CLANG_ENABLE_OBJC_ARC = YES;
				CLANG_ENABLE_OBJC_WEAK = YES;
				CLANG_WARN_BLOCK_CAPTURE_AUTORELEASING = YES;
				CLANG_WARN_BOOL_CONVERSION = YES;
				CLANG_WARN_COMMA = YES;
				CLANG_WARN_CONSTANT_CONVERSION = YES;
				CLANG_WARN_DEPRECATED_OBJC_IMPLEMENTATIONS = YES;
				CLANG_WARN_DIRECT_OBJC_ISA_USAGE = YES_ERROR;
				CLANG_WARN_DOCUMENTATION_COMMENTS = YES;
				CLANG_WARN_EMPTY_BODY = YES;
				CLANG_WARN_ENUM_CONVERSION = YES;
				CLANG_WARN_INFINITE_RECURSION = YES;
				CLANG_WARN_INT_CONVERSION = YES;
				CLANG_WARN_NON_LITERAL_NULL_CONVERSION = YES;
				CLANG_WARN_OBJC_IMPLICIT_RETAIN_SELF = YES;
				CLANG_WARN_OBJC_LITERAL_CONVERSION = YES;
				CLANG_WARN_OBJC_ROOT_CLASS = YES_ERROR;
				CLANG_WARN_QUOTED_INCLUDE_IN_FRAMEWORK_HEADER = YES;
				CLANG_WARN_RANGE_LOOP_ANALYSIS = YES;
				CLANG_WARN_STRICT_PROTOTYPES = YES;
				CLANG_WARN_SUSPICIOUS_MOVE = YES;
				CLANG_WARN_UNGUARDED_AVAILABILITY = YES_AGGRESSIVE;
				CLANG_WARN_UNREACHABLE_CODE = YES;
				CLANG_WARN__DUPLICATE_METHOD_MATCH = YES;
				COPY_PHASE_STRIP = NO;
				DEBUG_INFORMATION_FORMAT = "dwarf-with-dsym";
				ENABLE_NS_ASSERTIONS = NO;
				ENABLE_STRICT_OBJC_MSGSEND = YES;
				GCC_C_LANGUAGE_STANDARD = gnu11;
				GCC_NO_COMMON_BLOCKS = YES;
				GCC_WARN_64_TO_32_BIT_CONVERSION = YES;
				GCC_WARN_ABOUT_RETURN_TYPE = YES_ERROR;
				GCC_WARN_UNDECLARED_SELECTOR = YES;
				GCC_WARN_UNINITIALIZED_AUTOS = YES_AGGRESSIVE;
				GCC_WARN_UNUSED_FUNCTION = YES;
				GCC_WARN_UNUSED_VARIABLE = YES;
				IPHONEOS_DEPLOYMENT_TARGET = 15.5;
				MTL_ENABLE_DEBUG_INFO = NO;
				MTL_FAST_MATH = YES;
				SDKROOT = iphoneos;
				SWIFT_COMPILATION_MODE = wholemodule;
				SWIFT_OPTIMIZATION_LEVEL = "-O";
				VALIDATE_PRODUCT = YES;
			};
			name = Release;
		};
		91F88A3829D1202300AF2CFA /* Debug */ = {
			isa = XCBuildConfiguration;
			buildSettings = {
				ASSETCATALOG_COMPILER_APPICON_NAME = AppIcon;
				ASSETCATALOG_COMPILER_GLOBAL_ACCENT_COLOR_NAME = AccentColor;
				CODE_SIGN_STYLE = Automatic;
				CURRENT_PROJECT_VERSION = 1;
				GENERATE_INFOPLIST_FILE = YES;
				INFOPLIST_FILE = ImageRecognition/Info.plist;
				INFOPLIST_KEY_UIApplicationSupportsIndirectInputEvents = YES;
				INFOPLIST_KEY_UILaunchStoryboardName = LaunchScreen;
				INFOPLIST_KEY_UIMainStoryboardFile = Main;
				INFOPLIST_KEY_UISupportedInterfaceOrientations_iPad = "UIInterfaceOrientationPortrait UIInterfaceOrientationPortraitUpsideDown UIInterfaceOrientationLandscapeLeft UIInterfaceOrientationLandscapeRight";
				INFOPLIST_KEY_UISupportedInterfaceOrientations_iPhone = "UIInterfaceOrientationPortrait UIInterfaceOrientationLandscapeLeft UIInterfaceOrientationLandscapeRight";
				LD_RUNPATH_SEARCH_PATHS = (
					"$(inherited)",
					"@executable_path/Frameworks",
				);
				MARKETING_VERSION = 1.0;
				PRODUCT_BUNDLE_IDENTIFIER = ca.centennial.college.ImageRecognition;
				PRODUCT_NAME = "$(TARGET_NAME)";
				SWIFT_EMIT_LOC_STRINGS = YES;
				SWIFT_VERSION = 5.0;
				TARGETED_DEVICE_FAMILY = "1,2";
			};
			name = Debug;
		};
		91F88A3929D1202300AF2CFA /* Release */ = {
			isa = XCBuildConfiguration;
			buildSettings = {
				ASSETCATALOG_COMPILER_APPICON_NAME = AppIcon;
				ASSETCATALOG_COMPILER_GLOBAL_ACCENT_COLOR_NAME = AccentColor;
				CODE_SIGN_STYLE = Automatic;
				CURRENT_PROJECT_VERSION = 1;
				GENERATE_INFOPLIST_FILE = YES;
				INFOPLIST_FILE = ImageRecognition/Info.plist;
				INFOPLIST_KEY_UIApplicationSupportsIndirectInputEvents = YES;
				INFOPLIST_KEY_UILaunchStoryboardName = LaunchScreen;
				INFOPLIST_KEY_UIMainStoryboardFile = Main;
				INFOPLIST_KEY_UISupportedInterfaceOrientations_iPad = "UIInterfaceOrientationPortrait UIInterfaceOrientationPortraitUpsideDown UIInterfaceOrientationLandscapeLeft UIInterfaceOrientationLandscapeRight";
				INFOPLIST_KEY_UISupportedInterfaceOrientations_iPhone = "UIInterfaceOrientationPortrait UIInterfaceOrientationLandscapeLeft UIInterfaceOrientationLandscapeRight";
				LD_RUNPATH_SEARCH_PATHS = (
					"$(inherited)",
					"@executable_path/Frameworks",
				);
				MARKETING_VERSION = 1.0;
				PRODUCT_BUNDLE_IDENTIFIER = ca.centennial.college.ImageRecognition;
				PRODUCT_NAME = "$(TARGET_NAME)";
				SWIFT_EMIT_LOC_STRINGS = YES;
				SWIFT_VERSION = 5.0;
				TARGETED_DEVICE_FAMILY = "1,2";
			};
			name = Release;
		};
/* End XCBuildConfiguration section */

/* Begin XCConfigurationList section */
		91F88A1E29D1202100AF2CFA /* Build configuration list for PBXProject "ImageRecognition" */ = {
			isa = XCConfigurationList;
			buildConfigurations = (
				91F88A3529D1202300AF2CFA /* Debug */,
				91F88A3629D1202300AF2CFA /* Release */,
			);
			defaultConfigurationIsVisible = 0;
			defaultConfigurationName = Release;
		};
		91F88A3729D1202300AF2CFA /* Build configuration list for PBXNativeTarget "ImageRecognition" */ = {
			isa = XCConfigurationList;
			buildConfigurations = (
				91F88A3829D1202300AF2CFA /* Debug */,
				91F88A3929D1202300AF2CFA /* Release */,
			);
			defaultConfigurationIsVisible = 0;
			defaultConfigurationName = Release;
		};
/* End XCConfigurationList section */
	};
	rootObject = 91F88A1B29D1202100AF2CFA /* Project object */;
}
